// !$*UTF8*$!
{
	archiveVersion = 1;
	classes = {
	};
	objectVersion = 55;
	objects = {

/* Begin PBXBuildFile section */
		14FEAD46272A6466000EFE17 /* AppDelegate.swift in Sources */ = {isa = PBXBuildFile; fileRef = 14FEAD45272A6466000EFE17 /* AppDelegate.swift */; };
		14FEAD48272A6466000EFE17 /* SceneDelegate.swift in Sources */ = {isa = PBXBuildFile; fileRef = 14FEAD47272A6466000EFE17 /* SceneDelegate.swift */; };
		14FEAD4A272A6466000EFE17 /* ViewController.swift in Sources */ = {isa = PBXBuildFile; fileRef = 14FEAD49272A6466000EFE17 /* ViewController.swift */; };
		14FEAD4D272A6466000EFE17 /* Main.storyboard in Resources */ = {isa = PBXBuildFile; fileRef = 14FEAD4B272A6466000EFE17 /* Main.storyboard */; };
		14FEAD4F272A646B000EFE17 /* Assets.xcassets in Resources */ = {isa = PBXBuildFile; fileRef = 14FEAD4E272A646B000EFE17 /* Assets.xcassets */; };
		14FEAD52272A646B000EFE17 /* LaunchScreen.storyboard in Resources */ = {isa = PBXBuildFile; fileRef = 14FEAD50272A646B000EFE17 /* LaunchScreen.storyboard */; };
		14FEAD5D272A646B000EFE17 /* JenkinsIOSTests.swift in Sources */ = {isa = PBXBuildFile; fileRef = 14FEAD5C272A646B000EFE17 /* JenkinsIOSTests.swift */; };
		14FEAD67272A646B000EFE17 /* JenkinsIOSUITests.swift in Sources */ = {isa = PBXBuildFile; fileRef = 14FEAD66272A646B000EFE17 /* JenkinsIOSUITests.swift */; };
		14FEAD69272A646B000EFE17 /* JenkinsIOSUITestsLaunchTests.swift in Sources */ = {isa = PBXBuildFile; fileRef = 14FEAD68272A646B000EFE17 /* JenkinsIOSUITestsLaunchTests.swift */; };
/* End PBXBuildFile section */

/* Begin PBXContainerItemProxy section */
		14FEAD59272A646B000EFE17 /* PBXContainerItemProxy */ = {
			isa = PBXContainerItemProxy;
			containerPortal = 14FEAD3A272A6466000EFE17 /* Project object */;
			proxyType = 1;
			remoteGlobalIDString = 14FEAD41272A6466000EFE17;
			remoteInfo = JenkinsIOS;
		};
		14FEAD63272A646B000EFE17 /* PBXContainerItemProxy */ = {
			isa = PBXContainerItemProxy;
			containerPortal = 14FEAD3A272A6466000EFE17 /* Project object */;
			proxyType = 1;
			remoteGlobalIDString = 14FEAD41272A6466000EFE17;
			remoteInfo = JenkinsIOS;
		};
/* End PBXContainerItemProxy section */

/* Begin PBXFileReference section */
		14FEAD42272A6466000EFE17 /* JenkinsIOS.app */ = {isa = PBXFileReference; explicitFileType = wrapper.application; includeInIndex = 0; path = JenkinsIOS.app; sourceTree = BUILT_PRODUCTS_DIR; };
		14FEAD45272A6466000EFE17 /* AppDelegate.swift */ = {isa = PBXFileReference; lastKnownFileType = sourcecode.swift; path = AppDelegate.swift; sourceTree = "<group>"; };
		14FEAD47272A6466000EFE17 /* SceneDelegate.swift */ = {isa = PBXFileReference; lastKnownFileType = sourcecode.swift; path = SceneDelegate.swift; sourceTree = "<group>"; };
		14FEAD49272A6466000EFE17 /* ViewController.swift */ = {isa = PBXFileReference; lastKnownFileType = sourcecode.swift; path = ViewController.swift; sourceTree = "<group>"; };
		14FEAD4C272A6466000EFE17 /* Base */ = {isa = PBXFileReference; lastKnownFileType = file.storyboard; name = Base; path = Base.lproj/Main.storyboard; sourceTree = "<group>"; };
		14FEAD4E272A646B000EFE17 /* Assets.xcassets */ = {isa = PBXFileReference; lastKnownFileType = folder.assetcatalog; path = Assets.xcassets; sourceTree = "<group>"; };
		14FEAD51272A646B000EFE17 /* Base */ = {isa = PBXFileReference; lastKnownFileType = file.storyboard; name = Base; path = Base.lproj/LaunchScreen.storyboard; sourceTree = "<group>"; };
		14FEAD53272A646B000EFE17 /* Info.plist */ = {isa = PBXFileReference; lastKnownFileType = text.plist.xml; path = Info.plist; sourceTree = "<group>"; };
		14FEAD58272A646B000EFE17 /* JenkinsIOSTests.xctest */ = {isa = PBXFileReference; explicitFileType = wrapper.cfbundle; includeInIndex = 0; path = JenkinsIOSTests.xctest; sourceTree = BUILT_PRODUCTS_DIR; };
		14FEAD5C272A646B000EFE17 /* JenkinsIOSTests.swift */ = {isa = PBXFileReference; lastKnownFileType = sourcecode.swift; path = JenkinsIOSTests.swift; sourceTree = "<group>"; };
		14FEAD62272A646B000EFE17 /* JenkinsIOSUITests.xctest */ = {isa = PBXFileReference; explicitFileType = wrapper.cfbundle; includeInIndex = 0; path = JenkinsIOSUITests.xctest; sourceTree = BUILT_PRODUCTS_DIR; };
		14FEAD66272A646B000EFE17 /* JenkinsIOSUITests.swift */ = {isa = PBXFileReference; lastKnownFileType = sourcecode.swift; path = JenkinsIOSUITests.swift; sourceTree = "<group>"; };
		14FEAD68272A646B000EFE17 /* JenkinsIOSUITestsLaunchTests.swift */ = {isa = PBXFileReference; lastKnownFileType = sourcecode.swift; path = JenkinsIOSUITestsLaunchTests.swift; sourceTree = "<group>"; };
/* End PBXFileReference section */

/* Begin PBXFrameworksBuildPhase section */
		14FEAD3F272A6466000EFE17 /* Frameworks */ = {
			isa = PBXFrameworksBuildPhase;
			buildActionMask = 2147483647;
			files = (
			);
			runOnlyForDeploymentPostprocessing = 0;
		};
		14FEAD55272A646B000EFE17 /* Frameworks */ = {
			isa = PBXFrameworksBuildPhase;
			buildActionMask = 2147483647;
			files = (
			);
			runOnlyForDeploymentPostprocessing = 0;
		};
		14FEAD5F272A646B000EFE17 /* Frameworks */ = {
			isa = PBXFrameworksBuildPhase;
			buildActionMask = 2147483647;
			files = (
			);
			runOnlyForDeploymentPostprocessing = 0;
		};
/* End PBXFrameworksBuildPhase section */

/* Begin PBXGroup section */
		14FEAD39272A6466000EFE17 = {
			isa = PBXGroup;
			children = (
				14FEAD44272A6466000EFE17 /* JenkinsIOS */,
				14FEAD5B272A646B000EFE17 /* JenkinsIOSTests */,
				14FEAD65272A646B000EFE17 /* JenkinsIOSUITests */,
				14FEAD43272A6466000EFE17 /* Products */,
			);
			sourceTree = "<group>";
		};
		14FEAD43272A6466000EFE17 /* Products */ = {
			isa = PBXGroup;
			children = (
				14FEAD42272A6466000EFE17 /* JenkinsIOS.app */,
				14FEAD58272A646B000EFE17 /* JenkinsIOSTests.xctest */,
				14FEAD62272A646B000EFE17 /* JenkinsIOSUITests.xctest */,
			);
			name = Products;
			sourceTree = "<group>";
		};
		14FEAD44272A6466000EFE17 /* JenkinsIOS */ = {
			isa = PBXGroup;
			children = (
				14FEAD45272A6466000EFE17 /* AppDelegate.swift */,
				14FEAD47272A6466000EFE17 /* SceneDelegate.swift */,
				14FEAD49272A6466000EFE17 /* ViewController.swift */,
				14FEAD4B272A6466000EFE17 /* Main.storyboard */,
				14FEAD4E272A646B000EFE17 /* Assets.xcassets */,
				14FEAD50272A646B000EFE17 /* LaunchScreen.storyboard */,
				14FEAD53272A646B000EFE17 /* Info.plist */,
			);
			path = JenkinsIOS;
			sourceTree = "<group>";
		};
		14FEAD5B272A646B000EFE17 /* JenkinsIOSTests */ = {
			isa = PBXGroup;
			children = (
				14FEAD5C272A646B000EFE17 /* JenkinsIOSTests.swift */,
			);
			path = JenkinsIOSTests;
			sourceTree = "<group>";
		};
		14FEAD65272A646B000EFE17 /* JenkinsIOSUITests */ = {
			isa = PBXGroup;
			children = (
				14FEAD66272A646B000EFE17 /* JenkinsIOSUITests.swift */,
				14FEAD68272A646B000EFE17 /* JenkinsIOSUITestsLaunchTests.swift */,
			);
			path = JenkinsIOSUITests;
			sourceTree = "<group>";
		};
/* End PBXGroup section */

/* Begin PBXNativeTarget section */
		14FEAD41272A6466000EFE17 /* JenkinsIOS */ = {
			isa = PBXNativeTarget;
			buildConfigurationList = 14FEAD6C272A646B000EFE17 /* Build configuration list for PBXNativeTarget "JenkinsIOS" */;
			buildPhases = (
				14FEAD3E272A6466000EFE17 /* Sources */,
				14FEAD3F272A6466000EFE17 /* Frameworks */,
				14FEAD40272A6466000EFE17 /* Resources */,
			);
			buildRules = (
			);
			dependencies = (
			);
			name = JenkinsIOS;
			productName = JenkinsIOS;
			productReference = 14FEAD42272A6466000EFE17 /* JenkinsIOS.app */;
			productType = "com.apple.product-type.application";
		};
		14FEAD57272A646B000EFE17 /* JenkinsIOSTests */ = {
			isa = PBXNativeTarget;
			buildConfigurationList = 14FEAD6F272A646B000EFE17 /* Build configuration list for PBXNativeTarget "JenkinsIOSTests" */;
			buildPhases = (
				14FEAD54272A646B000EFE17 /* Sources */,
				14FEAD55272A646B000EFE17 /* Frameworks */,
				14FEAD56272A646B000EFE17 /* Resources */,
			);
			buildRules = (
			);
			dependencies = (
				14FEAD5A272A646B000EFE17 /* PBXTargetDependency */,
			);
			name = JenkinsIOSTests;
			productName = JenkinsIOSTests;
			productReference = 14FEAD58272A646B000EFE17 /* JenkinsIOSTests.xctest */;
			productType = "com.apple.product-type.bundle.unit-test";
		};
		14FEAD61272A646B000EFE17 /* JenkinsIOSUITests */ = {
			isa = PBXNativeTarget;
			buildConfigurationList = 14FEAD72272A646B000EFE17 /* Build configuration list for PBXNativeTarget "JenkinsIOSUITests" */;
			buildPhases = (
				14FEAD5E272A646B000EFE17 /* Sources */,
				14FEAD5F272A646B000EFE17 /* Frameworks */,
				14FEAD60272A646B000EFE17 /* Resources */,
			);
			buildRules = (
			);
			dependencies = (
				14FEAD64272A646B000EFE17 /* PBXTargetDependency */,
			);
			name = JenkinsIOSUITests;
			productName = JenkinsIOSUITests;
			productReference = 14FEAD62272A646B000EFE17 /* JenkinsIOSUITests.xctest */;
			productType = "com.apple.product-type.bundle.ui-testing";
		};
/* End PBXNativeTarget section */

/* Begin PBXProject section */
		14FEAD3A272A6466000EFE17 /* Project object */ = {
			isa = PBXProject;
			attributes = {
				BuildIndependentTargetsInParallel = 1;
				LastSwiftUpdateCheck = 1310;
				LastUpgradeCheck = 1310;
				TargetAttributes = {
					14FEAD41272A6466000EFE17 = {
						CreatedOnToolsVersion = 13.1;
					};
					14FEAD57272A646B000EFE17 = {
						CreatedOnToolsVersion = 13.1;
						TestTargetID = 14FEAD41272A6466000EFE17;
					};
					14FEAD61272A646B000EFE17 = {
						CreatedOnToolsVersion = 13.1;
						TestTargetID = 14FEAD41272A6466000EFE17;
					};
				};
			};
			buildConfigurationList = 14FEAD3D272A6466000EFE17 /* Build configuration list for PBXProject "JenkinsIOS" */;
			compatibilityVersion = "Xcode 13.0";
			developmentRegion = en;
			hasScannedForEncodings = 0;
			knownRegions = (
				en,
				Base,
			);
			mainGroup = 14FEAD39272A6466000EFE17;
			productRefGroup = 14FEAD43272A6466000EFE17 /* Products */;
			projectDirPath = "";
			projectRoot = "";
			targets = (
				14FEAD41272A6466000EFE17 /* JenkinsIOS */,
				14FEAD57272A646B000EFE17 /* JenkinsIOSTests */,
				14FEAD61272A646B000EFE17 /* JenkinsIOSUITests */,
			);
		};
/* End PBXProject section */

/* Begin PBXResourcesBuildPhase section */
		14FEAD40272A6466000EFE17 /* Resources */ = {
			isa = PBXResourcesBuildPhase;
			buildActionMask = 2147483647;
			files = (
				14FEAD52272A646B000EFE17 /* LaunchScreen.storyboard in Resources */,
				14FEAD4F272A646B000EFE17 /* Assets.xcassets in Resources */,
				14FEAD4D272A6466000EFE17 /* Main.storyboard in Resources */,
			);
			runOnlyForDeploymentPostprocessing = 0;
		};
		14FEAD56272A646B000EFE17 /* Resources */ = {
			isa = PBXResourcesBuildPhase;
			buildActionMask = 2147483647;
			files = (
			);
			runOnlyForDeploymentPostprocessing = 0;
		};
		14FEAD60272A646B000EFE17 /* Resources */ = {
			isa = PBXResourcesBuildPhase;
			buildActionMask = 2147483647;
			files = (
			);
			runOnlyForDeploymentPostprocessing = 0;
		};
/* End PBXResourcesBuildPhase section */

/* Begin PBXSourcesBuildPhase section */
		14FEAD3E272A6466000EFE17 /* Sources */ = {
			isa = PBXSourcesBuildPhase;
			buildActionMask = 2147483647;
			files = (
				14FEAD4A272A6466000EFE17 /* ViewController.swift in Sources */,
				14FEAD46272A6466000EFE17 /* AppDelegate.swift in Sources */,
				14FEAD48272A6466000EFE17 /* SceneDelegate.swift in Sources */,
			);
			runOnlyForDeploymentPostprocessing = 0;
		};
		14FEAD54272A646B000EFE17 /* Sources */ = {
			isa = PBXSourcesBuildPhase;
			buildActionMask = 2147483647;
			files = (
				14FEAD5D272A646B000EFE17 /* JenkinsIOSTests.swift in Sources */,
			);
			runOnlyForDeploymentPostprocessing = 0;
		};
		14FEAD5E272A646B000EFE17 /* Sources */ = {
			isa = PBXSourcesBuildPhase;
			buildActionMask = 2147483647;
			files = (
				14FEAD67272A646B000EFE17 /* JenkinsIOSUITests.swift in Sources */,
				14FEAD69272A646B000EFE17 /* JenkinsIOSUITestsLaunchTests.swift in Sources */,
			);
			runOnlyForDeploymentPostprocessing = 0;
		};
/* End PBXSourcesBuildPhase section */

/* Begin PBXTargetDependency section */
		14FEAD5A272A646B000EFE17 /* PBXTargetDependency */ = {
			isa = PBXTargetDependency;
			target = 14FEAD41272A6466000EFE17 /* JenkinsIOS */;
			targetProxy = 14FEAD59272A646B000EFE17 /* PBXContainerItemProxy */;
		};
		14FEAD64272A646B000EFE17 /* PBXTargetDependency */ = {
			isa = PBXTargetDependency;
			target = 14FEAD41272A6466000EFE17 /* JenkinsIOS */;
			targetProxy = 14FEAD63272A646B000EFE17 /* PBXContainerItemProxy */;
		};
/* End PBXTargetDependency section */

/* Begin PBXVariantGroup section */
		14FEAD4B272A6466000EFE17 /* Main.storyboard */ = {
			isa = PBXVariantGroup;
			children = (
				14FEAD4C272A6466000EFE17 /* Base */,
			);
			name = Main.storyboard;
			sourceTree = "<group>";
		};
		14FEAD50272A646B000EFE17 /* LaunchScreen.storyboard */ = {
			isa = PBXVariantGroup;
			children = (
				14FEAD51272A646B000EFE17 /* Base */,
			);
			name = LaunchScreen.storyboard;
			sourceTree = "<group>";
		};
/* End PBXVariantGroup section */

/* Begin XCBuildConfiguration section */
		14FEAD6A272A646B000EFE17 /* Debug */ = {
			isa = XCBuildConfiguration;
			buildSettings = {
				ALWAYS_SEARCH_USER_PATHS = NO;
				CLANG_ANALYZER_NONNULL = YES;
				CLANG_ANALYZER_NUMBER_OBJECT_CONVERSION = YES_AGGRESSIVE;
				CLANG_CXX_LANGUAGE_STANDARD = "gnu++17";
				CLANG_CXX_LIBRARY = "libc++";
				CLANG_ENABLE_MODULES = YES;
				CLANG_ENABLE_OBJC_ARC = YES;
				CLANG_ENABLE_OBJC_WEAK = YES;
				CLANG_WARN_BLOCK_CAPTURE_AUTORELEASING = YES;
				CLANG_WARN_BOOL_CONVERSION = YES;
				CLANG_WARN_COMMA = YES;
				CLANG_WARN_CONSTANT_CONVERSION = YES;
				CLANG_WARN_DEPRECATED_OBJC_IMPLEMENTATIONS = YES;
				CLANG_WARN_DIRECT_OBJC_ISA_USAGE = YES_ERROR;
				CLANG_WARN_DOCUMENTATION_COMMENTS = YES;
				CLANG_WARN_EMPTY_BODY = YES;
				CLANG_WARN_ENUM_CONVERSION = YES;
				CLANG_WARN_INFINITE_RECURSION = YES;
				CLANG_WARN_INT_CONVERSION = YES;
				CLANG_WARN_NON_LITERAL_NULL_CONVERSION = YES;
				CLANG_WARN_OBJC_IMPLICIT_RETAIN_SELF = YES;
				CLANG_WARN_OBJC_LITERAL_CONVERSION = YES;
				CLANG_WARN_OBJC_ROOT_CLASS = YES_ERROR;
				CLANG_WARN_QUOTED_INCLUDE_IN_FRAMEWORK_HEADER = YES;
				CLANG_WARN_RANGE_LOOP_ANALYSIS = YES;
				CLANG_WARN_STRICT_PROTOTYPES = YES;
				CLANG_WARN_SUSPICIOUS_MOVE = YES;
				CLANG_WARN_UNGUARDED_AVAILABILITY = YES_AGGRESSIVE;
				CLANG_WARN_UNREACHABLE_CODE = YES;
				CLANG_WARN__DUPLICATE_METHOD_MATCH = YES;
				COPY_PHASE_STRIP = NO;
				DEBUG_INFORMATION_FORMAT = dwarf;
				ENABLE_STRICT_OBJC_MSGSEND = YES;
				ENABLE_TESTABILITY = YES;
				GCC_C_LANGUAGE_STANDARD = gnu11;
				GCC_DYNAMIC_NO_PIC = NO;
				GCC_NO_COMMON_BLOCKS = YES;
				GCC_OPTIMIZATION_LEVEL = 0;
				GCC_PREPROCESSOR_DEFINITIONS = (
					"DEBUG=1",
					"$(inherited)",
				);
				GCC_WARN_64_TO_32_BIT_CONVERSION = YES;
				GCC_WARN_ABOUT_RETURN_TYPE = YES_ERROR;
				GCC_WARN_UNDECLARED_SELECTOR = YES;
				GCC_WARN_UNINITIALIZED_AUTOS = YES_AGGRESSIVE;
				GCC_WARN_UNUSED_FUNCTION = YES;
				GCC_WARN_UNUSED_VARIABLE = YES;
				IPHONEOS_DEPLOYMENT_TARGET = 15.0;
				MTL_ENABLE_DEBUG_INFO = INCLUDE_SOURCE;
				MTL_FAST_MATH = YES;
				ONLY_ACTIVE_ARCH = YES;
				SDKROOT = iphoneos;
				SWIFT_ACTIVE_COMPILATION_CONDITIONS = DEBUG;
				SWIFT_OPTIMIZATION_LEVEL = "-Onone";
			};
			name = Debug;
		};
		14FEAD6B272A646B000EFE17 /* Release */ = {
			isa = XCBuildConfiguration;
			buildSettings = {
				ALWAYS_SEARCH_USER_PATHS = NO;
				CLANG_ANALYZER_NONNULL = YES;
				CLANG_ANALYZER_NUMBER_OBJECT_CONVERSION = YES_AGGRESSIVE;
				CLANG_CXX_LANGUAGE_STANDARD = "gnu++17";
				CLANG_CXX_LIBRARY = "libc++";
				CLANG_ENABLE_MODULES = YES;
				CLANG_ENABLE_OBJC_ARC = YES;
				CLANG_ENABLE_OBJC_WEAK = YES;
				CLANG_WARN_BLOCK_CAPTURE_AUTORELEASING = YES;
				CLANG_WARN_BOOL_CONVERSION = YES;
				CLANG_WARN_COMMA = YES;
				CLANG_WARN_CONSTANT_CONVERSION = YES;
				CLANG_WARN_DEPRECATED_OBJC_IMPLEMENTATIONS = YES;
				CLANG_WARN_DIRECT_OBJC_ISA_USAGE = YES_ERROR;
				CLANG_WARN_DOCUMENTATION_COMMENTS = YES;
				CLANG_WARN_EMPTY_BODY = YES;
				CLANG_WARN_ENUM_CONVERSION = YES;
				CLANG_WARN_INFINITE_RECURSION = YES;
				CLANG_WARN_INT_CONVERSION = YES;
				CLANG_WARN_NON_LITERAL_NULL_CONVERSION = YES;
				CLANG_WARN_OBJC_IMPLICIT_RETAIN_SELF = YES;
				CLANG_WARN_OBJC_LITERAL_CONVERSION = YES;
				CLANG_WARN_OBJC_ROOT_CLASS = YES_ERROR;
				CLANG_WARN_QUOTED_INCLUDE_IN_FRAMEWORK_HEADER = YES;
				CLANG_WARN_RANGE_LOOP_ANALYSIS = YES;
				CLANG_WARN_STRICT_PROTOTYPES = YES;
				CLANG_WARN_SUSPICIOUS_MOVE = YES;
				CLANG_WARN_UNGUARDED_AVAILABILITY = YES_AGGRESSIVE;
				CLANG_WARN_UNREACHABLE_CODE = YES;
				CLANG_WARN__DUPLICATE_METHOD_MATCH = YES;
				COPY_PHASE_STRIP = NO;
				DEBUG_INFORMATION_FORMAT = "dwarf-with-dsym";
				ENABLE_NS_ASSERTIONS = NO;
				ENABLE_STRICT_OBJC_MSGSEND = YES;
				GCC_C_LANGUAGE_STANDARD = gnu11;
				GCC_NO_COMMON_BLOCKS = YES;
				GCC_WARN_64_TO_32_BIT_CONVERSION = YES;
				GCC_WARN_ABOUT_RETURN_TYPE = YES_ERROR;
				GCC_WARN_UNDECLARED_SELECTOR = YES;
				GCC_WARN_UNINITIALIZED_AUTOS = YES_AGGRESSIVE;
				GCC_WARN_UNUSED_FUNCTION = YES;
				GCC_WARN_UNUSED_VARIABLE = YES;
				IPHONEOS_DEPLOYMENT_TARGET = 15.0;
				MTL_ENABLE_DEBUG_INFO = NO;
				MTL_FAST_MATH = YES;
				SDKROOT = iphoneos;
				SWIFT_COMPILATION_MODE = wholemodule;
				SWIFT_OPTIMIZATION_LEVEL = "-O";
				VALIDATE_PRODUCT = YES;
			};
			name = Release;
		};
		14FEAD6D272A646B000EFE17 /* Debug */ = {
			isa = XCBuildConfiguration;
			buildSettings = {
				ASSETCATALOG_COMPILER_APPICON_NAME = AppIcon;
				ASSETCATALOG_COMPILER_GLOBAL_ACCENT_COLOR_NAME = AccentColor;
				CODE_SIGN_STYLE = Automatic;
				CURRENT_PROJECT_VERSION = 1;
				GENERATE_INFOPLIST_FILE = YES;
				INFOPLIST_FILE = JenkinsIOS/Info.plist;
				INFOPLIST_KEY_UIApplicationSupportsIndirectInputEvents = YES;
				INFOPLIST_KEY_UILaunchStoryboardName = LaunchScreen;
				INFOPLIST_KEY_UIMainStoryboardFile = Main;
				INFOPLIST_KEY_UISupportedInterfaceOrientations_iPad = "UIInterfaceOrientationPortrait UIInterfaceOrientationPortraitUpsideDown UIInterfaceOrientationLandscapeLeft UIInterfaceOrientationLandscapeRight";
				INFOPLIST_KEY_UISupportedInterfaceOrientations_iPhone = "UIInterfaceOrientationPortrait UIInterfaceOrientationLandscapeLeft UIInterfaceOrientationLandscapeRight";
				LD_RUNPATH_SEARCH_PATHS = (
					"$(inherited)",
					"@executable_path/Frameworks",
				);
				MARKETING_VERSION = 1.0;
				PRODUCT_BUNDLE_IDENTIFIER = com.rakeshp.JenkinsIOS;
				PRODUCT_NAME = "$(TARGET_NAME)";
				SWIFT_EMIT_LOC_STRINGS = YES;
				SWIFT_VERSION = 5.0;
				TARGETED_DEVICE_FAMILY = "1,2";
			};
			name = Debug;
		};
		14FEAD6E272A646B000EFE17 /* Release */ = {
			isa = XCBuildConfiguration;
			buildSettings = {
				ASSETCATALOG_COMPILER_APPICON_NAME = AppIcon;
				ASSETCATALOG_COMPILER_GLOBAL_ACCENT_COLOR_NAME = AccentColor;
				CODE_SIGN_STYLE = Automatic;
				CURRENT_PROJECT_VERSION = 1;
				GENERATE_INFOPLIST_FILE = YES;
				INFOPLIST_FILE = JenkinsIOS/Info.plist;
				INFOPLIST_KEY_UIApplicationSupportsIndirectInputEvents = YES;
				INFOPLIST_KEY_UILaunchStoryboardName = LaunchScreen;
				INFOPLIST_KEY_UIMainStoryboardFile = Main;
				INFOPLIST_KEY_UISupportedInterfaceOrientations_iPad = "UIInterfaceOrientationPortrait UIInterfaceOrientationPortraitUpsideDown UIInterfaceOrientationLandscapeLeft UIInterfaceOrientationLandscapeRight";
				INFOPLIST_KEY_UISupportedInterfaceOrientations_iPhone = "UIInterfaceOrientationPortrait UIInterfaceOrientationLandscapeLeft UIInterfaceOrientationLandscapeRight";
				LD_RUNPATH_SEARCH_PATHS = (
					"$(inherited)",
					"@executable_path/Frameworks",
				);
				MARKETING_VERSION = 1.0;
				PRODUCT_BUNDLE_IDENTIFIER = com.rakeshp.JenkinsIOS;
				PRODUCT_NAME = "$(TARGET_NAME)";
				SWIFT_EMIT_LOC_STRINGS = YES;
				SWIFT_VERSION = 5.0;
				TARGETED_DEVICE_FAMILY = "1,2";
			};
			name = Release;
		};
		14FEAD70272A646B000EFE17 /* Debug */ = {
			isa = XCBuildConfiguration;
			buildSettings = {
				ALWAYS_EMBED_SWIFT_STANDARD_LIBRARIES = YES;
				BUNDLE_LOADER = "$(TEST_HOST)";
				CODE_SIGN_STYLE = Automatic;
				CURRENT_PROJECT_VERSION = 1;
				GENERATE_INFOPLIST_FILE = YES;
				IPHONEOS_DEPLOYMENT_TARGET = 15.0;
				LD_RUNPATH_SEARCH_PATHS = (
					"$(inherited)",
					"@executable_path/Frameworks",
					"@loader_path/Frameworks",
				);
				MARKETING_VERSION = 1.0;
				PRODUCT_BUNDLE_IDENTIFIER = com.rakeshp.JenkinsIOSTests;
				PRODUCT_NAME = "$(TARGET_NAME)";
				SWIFT_EMIT_LOC_STRINGS = NO;
				SWIFT_VERSION = 5.0;
				TARGETED_DEVICE_FAMILY = "1,2";
				TEST_HOST = "$(BUILT_PRODUCTS_DIR)/JenkinsIOS.app/JenkinsIOS";
			};
			name = Debug;
		};
		14FEAD71272A646B000EFE17 /* Release */ = {
			isa = XCBuildConfiguration;
			buildSettings = {
				ALWAYS_EMBED_SWIFT_STANDARD_LIBRARIES = YES;
				BUNDLE_LOADER = "$(TEST_HOST)";
				CODE_SIGN_STYLE = Automatic;
				CURRENT_PROJECT_VERSION = 1;
				GENERATE_INFOPLIST_FILE = YES;
				IPHONEOS_DEPLOYMENT_TARGET = 15.0;
				LD_RUNPATH_SEARCH_PATHS = (
					"$(inherited)",
					"@executable_path/Frameworks",
					"@loader_path/Frameworks",
				);
				MARKETING_VERSION = 1.0;
				PRODUCT_BUNDLE_IDENTIFIER = com.rakeshp.JenkinsIOSTests;
				PRODUCT_NAME = "$(TARGET_NAME)";
				SWIFT_EMIT_LOC_STRINGS = NO;
				SWIFT_VERSION = 5.0;
				TARGETED_DEVICE_FAMILY = "1,2";
				TEST_HOST = "$(BUILT_PRODUCTS_DIR)/JenkinsIOS.app/JenkinsIOS";
			};
			name = Release;
		};
		14FEAD73272A646B000EFE17 /* Debug */ = {
			isa = XCBuildConfiguration;
			buildSettings = {
				ALWAYS_EMBED_SWIFT_STANDARD_LIBRARIES = YES;
				CODE_SIGN_STYLE = Automatic;
				CURRENT_PROJECT_VERSION = 1;
				GENERATE_INFOPLIST_FILE = YES;
				LD_RUNPATH_SEARCH_PATHS = (
					"$(inherited)",
					"@executable_path/Frameworks",
					"@loader_path/Frameworks",
				);
				MARKETING_VERSION = 1.0;
				PRODUCT_BUNDLE_IDENTIFIER = com.rakeshp.JenkinsIOSUITests;
				PRODUCT_NAME = "$(TARGET_NAME)";
				SWIFT_EMIT_LOC_STRINGS = NO;
				SWIFT_VERSION = 5.0;
				TARGETED_DEVICE_FAMILY = "1,2";
				TEST_TARGET_NAME = JenkinsIOS;
			};
			name = Debug;
		};
		14FEAD74272A646B000EFE17 /* Release */ = {
			isa = XCBuildConfiguration;
			buildSettings = {
				ALWAYS_EMBED_SWIFT_STANDARD_LIBRARIES = YES;
				CODE_SIGN_STYLE = Automatic;
				CURRENT_PROJECT_VERSION = 1;
				GENERATE_INFOPLIST_FILE = YES;
				LD_RUNPATH_SEARCH_PATHS = (
					"$(inherited)",
					"@executable_path/Frameworks",
					"@loader_path/Frameworks",
				);
				MARKETING_VERSION = 1.0;
				PRODUCT_BUNDLE_IDENTIFIER = com.rakeshp.JenkinsIOSUITests;
				PRODUCT_NAME = "$(TARGET_NAME)";
				SWIFT_EMIT_LOC_STRINGS = NO;
				SWIFT_VERSION = 5.0;
				TARGETED_DEVICE_FAMILY = "1,2";
				TEST_TARGET_NAME = JenkinsIOS;
			};
			name = Release;
		};
/* End XCBuildConfiguration section */

/* Begin XCConfigurationList section */
		14FEAD3D272A6466000EFE17 /* Build configuration list for PBXProject "JenkinsIOS" */ = {
			isa = XCConfigurationList;
			buildConfigurations = (
				14FEAD6A272A646B000EFE17 /* Debug */,
				14FEAD6B272A646B000EFE17 /* Release */,
			);
			defaultConfigurationIsVisible = 0;
			defaultConfigurationName = Release;
		};
		14FEAD6C272A646B000EFE17 /* Build configuration list for PBXNativeTarget "JenkinsIOS" */ = {
			isa = XCConfigurationList;
			buildConfigurations = (
				14FEAD6D272A646B000EFE17 /* Debug */,
				14FEAD6E272A646B000EFE17 /* Release */,
			);
			defaultConfigurationIsVisible = 0;
			defaultConfigurationName = Release;
		};
		14FEAD6F272A646B000EFE17 /* Build configuration list for PBXNativeTarget "JenkinsIOSTests" */ = {
			isa = XCConfigurationList;
			buildConfigurations = (
				14FEAD70272A646B000EFE17 /* Debug */,
				14FEAD71272A646B000EFE17 /* Release */,
			);
			defaultConfigurationIsVisible = 0;
			defaultConfigurationName = Release;
		};
		14FEAD72272A646B000EFE17 /* Build configuration list for PBXNativeTarget "JenkinsIOSUITests" */ = {
			isa = XCConfigurationList;
			buildConfigurations = (
				14FEAD73272A646B000EFE17 /* Debug */,
				14FEAD74272A646B000EFE17 /* Release */,
			);
			defaultConfigurationIsVisible = 0;
			defaultConfigurationName = Release;
		};
/* End XCConfigurationList section */
	};
	rootObject = 14FEAD3A272A6466000EFE17 /* Project object */;
}
